
Microsoft Visual Studio Solution File, Format Version 12.00
# Visual Studio Version 17
VisualStudioVersion = 17.14.36717.8 d17.14
MinimumVisualStudioVersion = 10.0.40219.1
Project("{FAE04EC0-301F-11D3-BF4B-00C04F79EFBC}") = "ClinicFlow", "ClinicFlow.csproj", "{E7D933F8-9FA6-4A56-9E27-BDA678803DC5}"
EndProject
Global
	GlobalSection(SolutionConfigurationPlatforms) = preSolution
		Debug|Any CPU = Debug|Any CPU
		Release|Any CPU = Release|Any CPU
	EndGlobalSection
	GlobalSection(ProjectConfigurationPlatforms) = postSolution
		{E7D933F8-9FA6-4A56-9E27-BDA678803DC5}.Debug|Any CPU.ActiveCfg = Debug|Any CPU
		{E7D933F8-9FA6-4A56-9E27-BDA678803DC5}.Debug|Any CPU.Build.0 = Debug|Any CPU
		{E7D933F8-9FA6-4A56-9E27-BDA678803DC5}.Release|Any CPU.ActiveCfg = Release|Any CPU
		{E7D933F8-9FA6-4A56-9E27-BDA678803DC5}.Release|Any CPU.Build.0 = Release|Any CPU
	EndGlobalSection
	GlobalSection(SolutionProperties) = preSolution
		HideSolutionNode = FALSE
	EndGlobalSection
	GlobalSection(ExtensibilityGlobals) = postSolution
		SolutionGuid = {29AE7177-FB4F-4FDA-AED0-E3E112B514C4}
	EndGlobalSection
EndGlobal
